
Microsoft Visual Studio Solution File, Format Version 12.00
# Visual Studio Version 17
VisualStudioVersion = 17.9.34728.123
MinimumVisualStudioVersion = 10.0.40219.1
Project("{9A19103F-16F7-4668-BE54-9A1E7A4F7556}") = "ApiApp", "Server\ApiApp.csproj", "{E7105EE0-5606-4B01-919D-A358EA7DCF53}"
EndProject
Project("{9A19103F-16F7-4668-BE54-9A1E7A4F7556}") = "DataAccess", "DataAccess\DataAccess.csproj", "{0B7EDEEF-EAC0-4150-B751-2956749F5CAD}"
EndProject
Global
	GlobalSection(SolutionConfigurationPlatforms) = preSolution
		Debug|Any CPU = Debug|Any CPU
		Release|Any CPU = Release|Any CPU
	EndGlobalSection
	GlobalSection(ProjectConfigurationPlatforms) = postSolution
		{E7105EE0-5606-4B01-919D-A358EA7DCF53}.Debug|Any CPU.ActiveCfg = Debug|Any CPU
		{E7105EE0-5606-4B01-919D-A358EA7DCF53}.Debug|Any CPU.Build.0 = Debug|Any CPU
		{E7105EE0-5606-4B01-919D-A358EA7DCF53}.Release|Any CPU.ActiveCfg = Release|Any CPU
		{E7105EE0-5606-4B01-919D-A358EA7DCF53}.Release|Any CPU.Build.0 = Release|Any CPU
		{0B7EDEEF-EAC0-4150-B751-2956749F5CAD}.Debug|Any CPU.ActiveCfg = Debug|Any CPU
		{0B7EDEEF-EAC0-4150-B751-2956749F5CAD}.Debug|Any CPU.Build.0 = Debug|Any CPU
		{0B7EDEEF-EAC0-4150-B751-2956749F5CAD}.Release|Any CPU.ActiveCfg = Release|Any CPU
		{0B7EDEEF-EAC0-4150-B751-2956749F5CAD}.Release|Any CPU.Build.0 = Release|Any CPU
	EndGlobalSection
	GlobalSection(SolutionProperties) = preSolution
		HideSolutionNode = FALSE
	EndGlobalSection
	GlobalSection(ExtensibilityGlobals) = postSolution
		SolutionGuid = {710B5AE5-3C32-4E0B-94F1-953BF0340097}
	EndGlobalSection
EndGlobal
